
Microsoft Visual Studio Solution File, Format Version 12.00
# Visual Studio 15
VisualStudioVersion = 15.0.28307.1209
MinimumVisualStudioVersion = 10.0.40219.1
Project("{9A19103F-16F7-4668-BE54-9A1E7A4F7556}") = "HoldownCheck_Server", "HoldownCheck_Server\HoldownCheck_Server.csproj", "{FDD599F4-B53B-43B5-AB85-B9DA15E4EBA4}"
EndProject
Global
	GlobalSection(SolutionConfigurationPlatforms) = preSolution
		Debug|Any CPU = Debug|Any CPU
		Release|Any CPU = Release|Any CPU
	EndGlobalSection
	GlobalSection(ProjectConfigurationPlatforms) = postSolution
		{FDD599F4-B53B-43B5-AB85-B9DA15E4EBA4}.Debug|Any CPU.ActiveCfg = Debug|Any CPU
		{FDD599F4-B53B-43B5-AB85-B9DA15E4EBA4}.Debug|Any CPU.Build.0 = Debug|Any CPU
		{FDD599F4-B53B-43B5-AB85-B9DA15E4EBA4}.Release|Any CPU.ActiveCfg = Release|Any CPU
		{FDD599F4-B53B-43B5-AB85-B9DA15E4EBA4}.Release|Any CPU.Build.0 = Release|Any CPU
	EndGlobalSection
	GlobalSection(SolutionProperties) = preSolution
		HideSolutionNode = FALSE
	EndGlobalSection
	GlobalSection(ExtensibilityGlobals) = postSolution
		SolutionGuid = {FA3B5677-49C0-43A4-99A2-C81A0A668BD9}
	EndGlobalSection
EndGlobal
